
Microsoft Visual Studio Solution File, Format Version 11.00
# Visual Studio 2010
Project("{FAE04EC0-301F-11D3-BF4B-00C04F79EFBC}") = "Endless Defense", "Assembly-CSharp-firstpass.csproj", "{E7C05F19-E0B4-484B-9EF3-4574F2B5C159}"
EndProject
Project("{FAE04EC0-301F-11D3-BF4B-00C04F79EFBC}") = "Endless Defense", "Assembly-CSharp.csproj", "{4F7DA34A-A01A-B6E4-88F7-36CCC39D04C5}"
EndProject
Global
	GlobalSection(SolutionConfigurationPlatforms) = preSolution
		Debug|Any CPU = Debug|Any CPU
		Release|Any CPU = Release|Any CPU
	EndGlobalSection
	GlobalSection(ProjectConfigurationPlatforms) = postSolution
		{E7C05F19-E0B4-484B-9EF3-4574F2B5C159}.Debug|Any CPU.ActiveCfg = Debug|Any CPU
		{E7C05F19-E0B4-484B-9EF3-4574F2B5C159}.Debug|Any CPU.Build.0 = Debug|Any CPU
		{E7C05F19-E0B4-484B-9EF3-4574F2B5C159}.Release|Any CPU.ActiveCfg = Release|Any CPU
		{E7C05F19-E0B4-484B-9EF3-4574F2B5C159}.Release|Any CPU.Build.0 = Release|Any CPU
		{4F7DA34A-A01A-B6E4-88F7-36CCC39D04C5}.Debug|Any CPU.ActiveCfg = Debug|Any CPU
		{4F7DA34A-A01A-B6E4-88F7-36CCC39D04C5}.Debug|Any CPU.Build.0 = Debug|Any CPU
		{4F7DA34A-A01A-B6E4-88F7-36CCC39D04C5}.Release|Any CPU.ActiveCfg = Release|Any CPU
		{4F7DA34A-A01A-B6E4-88F7-36CCC39D04C5}.Release|Any CPU.Build.0 = Release|Any CPU
	EndGlobalSection
	GlobalSection(SolutionProperties) = preSolution
		HideSolutionNode = FALSE
	EndGlobalSection
	GlobalSection(MonoDevelopProperties) = preSolution
		StartupItem = Assembly-CSharp.csproj
	EndGlobalSection
EndGlobal
